
Microsoft Visual Studio Solution File, Format Version 12.00
# Visual Studio Version 16
VisualStudioVersion = 16.0.29306.81
MinimumVisualStudioVersion = 10.0.40219.1
Project("{9A19103F-16F7-4668-BE54-9A1E7A4F7556}") = "LessonOne", "LessonOne\LessonOne.csproj", "{AEC8BAA3-CC92-415D-93E2-13B036E2DF17}"
EndProject
Project("{9A19103F-16F7-4668-BE54-9A1E7A4F7556}") = "LessonTwo", "LessonTwo\LessonTwo.csproj", "{5CF8DE73-D156-4E94-AC80-B05064C53B69}"
EndProject
Project("{9A19103F-16F7-4668-BE54-9A1E7A4F7556}") = "LessonThree", "LessonThree\LessonThree.csproj", "{375D5244-19EE-4BEE-9432-D0B35365B9E2}"
EndProject
Project("{9A19103F-16F7-4668-BE54-9A1E7A4F7556}") = "LessonFour", "LessonFour\LessonFour.csproj", "{4FFBA110-F970-4462-985D-2B362FB09F1C}"
EndProject
Project("{9A19103F-16F7-4668-BE54-9A1E7A4F7556}") = "LessonFive", "LessonFive\LessonFive.csproj", "{EFEA7A3E-BEBD-4CD9-A24A-F644F161E416}"
EndProject
Project("{9A19103F-16F7-4668-BE54-9A1E7A4F7556}") = "LessonSix", "LessonSix\LessonSix.csproj", "{365E8688-6523-441E-9F6A-3AC990AC0D10}"
EndProject
Global
	GlobalSection(SolutionConfigurationPlatforms) = preSolution
		Debug|Any CPU = Debug|Any CPU
		Release|Any CPU = Release|Any CPU
	EndGlobalSection
	GlobalSection(ProjectConfigurationPlatforms) = postSolution
		{AEC8BAA3-CC92-415D-93E2-13B036E2DF17}.Debug|Any CPU.ActiveCfg = Debug|Any CPU
		{AEC8BAA3-CC92-415D-93E2-13B036E2DF17}.Debug|Any CPU.Build.0 = Debug|Any CPU
		{AEC8BAA3-CC92-415D-93E2-13B036E2DF17}.Release|Any CPU.ActiveCfg = Release|Any CPU
		{AEC8BAA3-CC92-415D-93E2-13B036E2DF17}.Release|Any CPU.Build.0 = Release|Any CPU
		{5CF8DE73-D156-4E94-AC80-B05064C53B69}.Debug|Any CPU.ActiveCfg = Debug|Any CPU
		{5CF8DE73-D156-4E94-AC80-B05064C53B69}.Debug|Any CPU.Build.0 = Debug|Any CPU
		{5CF8DE73-D156-4E94-AC80-B05064C53B69}.Release|Any CPU.ActiveCfg = Release|Any CPU
		{5CF8DE73-D156-4E94-AC80-B05064C53B69}.Release|Any CPU.Build.0 = Release|Any CPU
		{375D5244-19EE-4BEE-9432-D0B35365B9E2}.Debug|Any CPU.ActiveCfg = Debug|Any CPU
		{375D5244-19EE-4BEE-9432-D0B35365B9E2}.Debug|Any CPU.Build.0 = Debug|Any CPU
		{375D5244-19EE-4BEE-9432-D0B35365B9E2}.Release|Any CPU.ActiveCfg = Release|Any CPU
		{375D5244-19EE-4BEE-9432-D0B35365B9E2}.Release|Any CPU.Build.0 = Release|Any CPU
		{4FFBA110-F970-4462-985D-2B362FB09F1C}.Debug|Any CPU.ActiveCfg = Debug|Any CPU
		{4FFBA110-F970-4462-985D-2B362FB09F1C}.Debug|Any CPU.Build.0 = Debug|Any CPU
		{4FFBA110-F970-4462-985D-2B362FB09F1C}.Release|Any CPU.ActiveCfg = Release|Any CPU
		{4FFBA110-F970-4462-985D-2B362FB09F1C}.Release|Any CPU.Build.0 = Release|Any CPU
		{EFEA7A3E-BEBD-4CD9-A24A-F644F161E416}.Debug|Any CPU.ActiveCfg = Debug|Any CPU
		{EFEA7A3E-BEBD-4CD9-A24A-F644F161E416}.Debug|Any CPU.Build.0 = Debug|Any CPU
		{EFEA7A3E-BEBD-4CD9-A24A-F644F161E416}.Release|Any CPU.ActiveCfg = Release|Any CPU
		{EFEA7A3E-BEBD-4CD9-A24A-F644F161E416}.Release|Any CPU.Build.0 = Release|Any CPU
		{365E8688-6523-441E-9F6A-3AC990AC0D10}.Debug|Any CPU.ActiveCfg = Debug|Any CPU
		{365E8688-6523-441E-9F6A-3AC990AC0D10}.Debug|Any CPU.Build.0 = Debug|Any CPU
		{365E8688-6523-441E-9F6A-3AC990AC0D10}.Release|Any CPU.ActiveCfg = Release|Any CPU
		{365E8688-6523-441E-9F6A-3AC990AC0D10}.Release|Any CPU.Build.0 = Release|Any CPU
	EndGlobalSection
	GlobalSection(SolutionProperties) = preSolution
		HideSolutionNode = FALSE
	EndGlobalSection
	GlobalSection(ExtensibilityGlobals) = postSolution
		SolutionGuid = {5A1BF191-9D28-4E9B-9327-461B0DF1CC94}
	EndGlobalSection
EndGlobal
