
Microsoft Visual Studio Solution File, Format Version 12.00
# Visual Studio Version 16
VisualStudioVersion = 16.0.29306.81
MinimumVisualStudioVersion = 10.0.40219.1
Project("{FAE04EC0-301F-11D3-BF4B-00C04F79EFBC}") = "LessonOne", "LessonOne\LessonOne.csproj", "{AEC8BAA3-CC92-415D-93E2-13B036E2DF17}"
EndProject
Global
	GlobalSection(SolutionConfigurationPlatforms) = preSolution
		Debug|Any CPU = Debug|Any CPU
		Release|Any CPU = Release|Any CPU
	EndGlobalSection
	GlobalSection(ProjectConfigurationPlatforms) = postSolution
		{AEC8BAA3-CC92-415D-93E2-13B036E2DF17}.Debug|Any CPU.ActiveCfg = Debug|Any CPU
		{AEC8BAA3-CC92-415D-93E2-13B036E2DF17}.Debug|Any CPU.Build.0 = Debug|Any CPU
		{AEC8BAA3-CC92-415D-93E2-13B036E2DF17}.Release|Any CPU.ActiveCfg = Release|Any CPU
		{AEC8BAA3-CC92-415D-93E2-13B036E2DF17}.Release|Any CPU.Build.0 = Release|Any CPU
	EndGlobalSection
	GlobalSection(SolutionProperties) = preSolution
		HideSolutionNode = FALSE
	EndGlobalSection
	GlobalSection(ExtensibilityGlobals) = postSolution
		SolutionGuid = {5A1BF191-9D28-4E9B-9327-461B0DF1CC94}
	EndGlobalSection
EndGlobal
