
Microsoft Visual Studio Solution File, Format Version 12.00
# Visual Studio Version 16
VisualStudioVersion = 16.0.29306.81
MinimumVisualStudioVersion = 10.0.40219.1
Project("{9A19103F-16F7-4668-BE54-9A1E7A4F7556}") = "LessonOne", "LessonOne\LessonOne.csproj", "{AEC8BAA3-CC92-415D-93E2-13B036E2DF17}"
EndProject
Project("{9A19103F-16F7-4668-BE54-9A1E7A4F7556}") = "LessonTwo", "LessonTwo\LessonTwo.csproj", "{5CF8DE73-D156-4E94-AC80-B05064C53B69}"
EndProject
Project("{9A19103F-16F7-4668-BE54-9A1E7A4F7556}") = "LessonThree", "LessonThree\LessonThree.csproj", "{375D5244-19EE-4BEE-9432-D0B35365B9E2}"
EndProject
Project("{9A19103F-16F7-4668-BE54-9A1E7A4F7556}") = "LessonFour", "LessonFour\LessonFour.csproj", "{4FFBA110-F970-4462-985D-2B362FB09F1C}"
EndProject
Project("{9A19103F-16F7-4668-BE54-9A1E7A4F7556}") = "LessonFive", "LessonFive\LessonFive.csproj", "{EFEA7A3E-BEBD-4CD9-A24A-F644F161E416}"
EndProject
Project("{9A19103F-16F7-4668-BE54-9A1E7A4F7556}") = "LessonSix", "LessonSix\LessonSix.csproj", "{365E8688-6523-441E-9F6A-3AC990AC0D10}"
EndProject
Project("{FAE04EC0-301F-11D3-BF4B-00C04F79EFBC}") = "LessonEight", "LessonEight\LessonEight.csproj", "{2305D310-2BA2-421F-A5E4-600F5AA404C9}"
EndProject
Project("{FAE04EC0-301F-11D3-BF4B-00C04F79EFBC}") = "LessonsNinth", "LessonsNinth\LessonsNinth.csproj", "{098EEF87-8A66-458B-9323-AAEE7E9FC3DC}"
EndProject
Project("{9A19103F-16F7-4668-BE54-9A1E7A4F7556}") = "LessonTenth", "LessonTenth\LessonTenth.csproj", "{71CBDB35-E661-4BAA-89C8-EF465E59BDF9}"
EndProject
Project("{FAE04EC0-301F-11D3-BF4B-00C04F79EFBC}") = "LessonTenthForms", "LessonTenthForms\LessonTenthForms.csproj", "{CE287D80-F7BD-4E34-BDF2-4EF5E5FC601E}"
EndProject
Project("{2150E333-8FDC-42A3-9474-1A3956D46DE8}") = "LessonEleventh", "LessonEleventh", "{F56BEB3C-F6C7-4CD3-924E-CAB949769A68}"
EndProject
Project("{FAE04EC0-301F-11D3-BF4B-00C04F79EFBC}") = "CharacterTable", "CharacterTable\CharacterTable.csproj", "{E2BC7C26-BB9B-41CB-99D0-EE981B8CB312}"
EndProject
Global
	GlobalSection(SolutionConfigurationPlatforms) = preSolution
		Debug|Any CPU = Debug|Any CPU
		Release|Any CPU = Release|Any CPU
	EndGlobalSection
	GlobalSection(ProjectConfigurationPlatforms) = postSolution
		{AEC8BAA3-CC92-415D-93E2-13B036E2DF17}.Debug|Any CPU.ActiveCfg = Debug|Any CPU
		{AEC8BAA3-CC92-415D-93E2-13B036E2DF17}.Debug|Any CPU.Build.0 = Debug|Any CPU
		{AEC8BAA3-CC92-415D-93E2-13B036E2DF17}.Release|Any CPU.ActiveCfg = Release|Any CPU
		{AEC8BAA3-CC92-415D-93E2-13B036E2DF17}.Release|Any CPU.Build.0 = Release|Any CPU
		{5CF8DE73-D156-4E94-AC80-B05064C53B69}.Debug|Any CPU.ActiveCfg = Debug|Any CPU
		{5CF8DE73-D156-4E94-AC80-B05064C53B69}.Debug|Any CPU.Build.0 = Debug|Any CPU
		{5CF8DE73-D156-4E94-AC80-B05064C53B69}.Release|Any CPU.ActiveCfg = Release|Any CPU
		{5CF8DE73-D156-4E94-AC80-B05064C53B69}.Release|Any CPU.Build.0 = Release|Any CPU
		{375D5244-19EE-4BEE-9432-D0B35365B9E2}.Debug|Any CPU.ActiveCfg = Debug|Any CPU
		{375D5244-19EE-4BEE-9432-D0B35365B9E2}.Debug|Any CPU.Build.0 = Debug|Any CPU
		{375D5244-19EE-4BEE-9432-D0B35365B9E2}.Release|Any CPU.ActiveCfg = Release|Any CPU
		{375D5244-19EE-4BEE-9432-D0B35365B9E2}.Release|Any CPU.Build.0 = Release|Any CPU
		{4FFBA110-F970-4462-985D-2B362FB09F1C}.Debug|Any CPU.ActiveCfg = Debug|Any CPU
		{4FFBA110-F970-4462-985D-2B362FB09F1C}.Debug|Any CPU.Build.0 = Debug|Any CPU
		{4FFBA110-F970-4462-985D-2B362FB09F1C}.Release|Any CPU.ActiveCfg = Release|Any CPU
		{4FFBA110-F970-4462-985D-2B362FB09F1C}.Release|Any CPU.Build.0 = Release|Any CPU
		{EFEA7A3E-BEBD-4CD9-A24A-F644F161E416}.Debug|Any CPU.ActiveCfg = Debug|Any CPU
		{EFEA7A3E-BEBD-4CD9-A24A-F644F161E416}.Debug|Any CPU.Build.0 = Debug|Any CPU
		{EFEA7A3E-BEBD-4CD9-A24A-F644F161E416}.Release|Any CPU.ActiveCfg = Release|Any CPU
		{EFEA7A3E-BEBD-4CD9-A24A-F644F161E416}.Release|Any CPU.Build.0 = Release|Any CPU
		{365E8688-6523-441E-9F6A-3AC990AC0D10}.Debug|Any CPU.ActiveCfg = Debug|Any CPU
		{365E8688-6523-441E-9F6A-3AC990AC0D10}.Debug|Any CPU.Build.0 = Debug|Any CPU
		{365E8688-6523-441E-9F6A-3AC990AC0D10}.Release|Any CPU.ActiveCfg = Release|Any CPU
		{365E8688-6523-441E-9F6A-3AC990AC0D10}.Release|Any CPU.Build.0 = Release|Any CPU
		{2305D310-2BA2-421F-A5E4-600F5AA404C9}.Debug|Any CPU.ActiveCfg = Debug|Any CPU
		{2305D310-2BA2-421F-A5E4-600F5AA404C9}.Debug|Any CPU.Build.0 = Debug|Any CPU
		{2305D310-2BA2-421F-A5E4-600F5AA404C9}.Release|Any CPU.ActiveCfg = Release|Any CPU
		{2305D310-2BA2-421F-A5E4-600F5AA404C9}.Release|Any CPU.Build.0 = Release|Any CPU
		{098EEF87-8A66-458B-9323-AAEE7E9FC3DC}.Debug|Any CPU.ActiveCfg = Debug|Any CPU
		{098EEF87-8A66-458B-9323-AAEE7E9FC3DC}.Debug|Any CPU.Build.0 = Debug|Any CPU
		{098EEF87-8A66-458B-9323-AAEE7E9FC3DC}.Release|Any CPU.ActiveCfg = Release|Any CPU
		{098EEF87-8A66-458B-9323-AAEE7E9FC3DC}.Release|Any CPU.Build.0 = Release|Any CPU
		{71CBDB35-E661-4BAA-89C8-EF465E59BDF9}.Debug|Any CPU.ActiveCfg = Debug|Any CPU
		{71CBDB35-E661-4BAA-89C8-EF465E59BDF9}.Debug|Any CPU.Build.0 = Debug|Any CPU
		{71CBDB35-E661-4BAA-89C8-EF465E59BDF9}.Release|Any CPU.ActiveCfg = Release|Any CPU
		{71CBDB35-E661-4BAA-89C8-EF465E59BDF9}.Release|Any CPU.Build.0 = Release|Any CPU
		{CE287D80-F7BD-4E34-BDF2-4EF5E5FC601E}.Debug|Any CPU.ActiveCfg = Debug|Any CPU
		{CE287D80-F7BD-4E34-BDF2-4EF5E5FC601E}.Debug|Any CPU.Build.0 = Debug|Any CPU
		{CE287D80-F7BD-4E34-BDF2-4EF5E5FC601E}.Release|Any CPU.ActiveCfg = Release|Any CPU
		{CE287D80-F7BD-4E34-BDF2-4EF5E5FC601E}.Release|Any CPU.Build.0 = Release|Any CPU
		{E2BC7C26-BB9B-41CB-99D0-EE981B8CB312}.Debug|Any CPU.ActiveCfg = Debug|Any CPU
		{E2BC7C26-BB9B-41CB-99D0-EE981B8CB312}.Debug|Any CPU.Build.0 = Debug|Any CPU
		{E2BC7C26-BB9B-41CB-99D0-EE981B8CB312}.Release|Any CPU.ActiveCfg = Release|Any CPU
		{E2BC7C26-BB9B-41CB-99D0-EE981B8CB312}.Release|Any CPU.Build.0 = Release|Any CPU
	EndGlobalSection
	GlobalSection(SolutionProperties) = preSolution
		HideSolutionNode = FALSE
	EndGlobalSection
	GlobalSection(NestedProjects) = preSolution
		{E2BC7C26-BB9B-41CB-99D0-EE981B8CB312} = {F56BEB3C-F6C7-4CD3-924E-CAB949769A68}
	EndGlobalSection
	GlobalSection(ExtensibilityGlobals) = postSolution
		SolutionGuid = {5A1BF191-9D28-4E9B-9327-461B0DF1CC94}
	EndGlobalSection
EndGlobal
